PODS:
  - Masonry (1.1.0)
  - ZYButton (1.0.0):
    - Masonry

DEPENDENCIES:
  - ZYButton

SPEC REPOS:
  https://cdn.cocoapods.org/:
    - Masonry
    - ZYButton

SPEC CHECKSUMS:
  Masonry: 678fab65091a9290e40e2832a55e7ab731aad201
  ZYButton: 7c8a27cae7d96afa4349f808567d9e7c475d19b3

PODFILE CHECKSUM: 1329af3646f413dba7f5bbf583d6919116f8c62f

COCOAPODS: 1.11.3
